
Microsoft Visual Studio Solution File, Format Version 12.00
# Visual Studio Version 17
VisualStudioVersion = 17.8.34511.84
MinimumVisualStudioVersion = 10.0.40219.1
Project("{FAE04EC0-301F-11D3-BF4B-00C04F79EFBC}") = "ATV5_CJ302265X", "ATV5_CJ302265X\ATV5_CJ302265X.csproj", "{3A290893-1A48-4BFC-91E1-0AE3D0CC88B1}"
EndProject
Global
	GlobalSection(SolutionConfigurationPlatforms) = preSolution
		Debug|Any CPU = Debug|Any CPU
		Release|Any CPU = Release|Any CPU
	EndGlobalSection
	GlobalSection(ProjectConfigurationPlatforms) = postSolution
		{3A290893-1A48-4BFC-91E1-0AE3D0CC88B1}.Debug|Any CPU.ActiveCfg = Debug|Any CPU
		{3A290893-1A48-4BFC-91E1-0AE3D0CC88B1}.Debug|Any CPU.Build.0 = Debug|Any CPU
		{3A290893-1A48-4BFC-91E1-0AE3D0CC88B1}.Release|Any CPU.ActiveCfg = Release|Any CPU
		{3A290893-1A48-4BFC-91E1-0AE3D0CC88B1}.Release|Any CPU.Build.0 = Release|Any CPU
	EndGlobalSection
	GlobalSection(SolutionProperties) = preSolution
		HideSolutionNode = FALSE
	EndGlobalSection
	GlobalSection(ExtensibilityGlobals) = postSolution
		SolutionGuid = {AA9FDA99-58BB-4B9F-AC94-8E1AD1782F3D}
	EndGlobalSection
EndGlobal
